
Microsoft Visual Studio Solution File, Format Version 12.00
# Visual Studio Version 17
VisualStudioVersion = 17.14.37012.4 d17.14
MinimumVisualStudioVersion = 10.0.40219.1
Project("{888888A0-9F3D-457C-B088-3A5042F75D52}") = "app.py", "app.py\app.py.pyproj", "{2793A08E-20B9-42EC-8344-8CFF93B1A17C}"
EndProject
Global
	GlobalSection(SolutionConfigurationPlatforms) = preSolution
		Debug|Any CPU = Debug|Any CPU
		Release|Any CPU = Release|Any CPU
	EndGlobalSection
	GlobalSection(ProjectConfigurationPlatforms) = postSolution
		{2793A08E-20B9-42EC-8344-8CFF93B1A17C}.Debug|Any CPU.ActiveCfg = Debug|Any CPU
		{2793A08E-20B9-42EC-8344-8CFF93B1A17C}.Release|Any CPU.ActiveCfg = Release|Any CPU
	EndGlobalSection
	GlobalSection(SolutionProperties) = preSolution
		HideSolutionNode = FALSE
	EndGlobalSection
	GlobalSection(ExtensibilityGlobals) = postSolution
		SolutionGuid = {D1026287-3D2C-4100-B6E0-61E793C447E2}
	EndGlobalSection
EndGlobal
